
Microsoft Visual Studio Solution File, Format Version 12.00
# Visual Studio Version 16
VisualStudioVersion = 16.0.29418.71
MinimumVisualStudioVersion = 10.0.40219.1
Project("{FAE04EC0-301F-11D3-BF4B-00C04F79EFBC}") = "Acromantula GUI", "Acromantula GUI\Acromantula GUI.csproj", "{5939B42F-F3E0-4F83-8B0B-66582A2BC0AF}"
EndProject
Global
	GlobalSection(SolutionConfigurationPlatforms) = preSolution
		Debug|Any CPU = Debug|Any CPU
		Release|Any CPU = Release|Any CPU
	EndGlobalSection
	GlobalSection(ProjectConfigurationPlatforms) = postSolution
		{5939B42F-F3E0-4F83-8B0B-66582A2BC0AF}.Debug|Any CPU.ActiveCfg = Debug|Any CPU
		{5939B42F-F3E0-4F83-8B0B-66582A2BC0AF}.Debug|Any CPU.Build.0 = Debug|Any CPU
		{5939B42F-F3E0-4F83-8B0B-66582A2BC0AF}.Release|Any CPU.ActiveCfg = Release|Any CPU
		{5939B42F-F3E0-4F83-8B0B-66582A2BC0AF}.Release|Any CPU.Build.0 = Release|Any CPU
	EndGlobalSection
	GlobalSection(SolutionProperties) = preSolution
		HideSolutionNode = FALSE
	EndGlobalSection
	GlobalSection(ExtensibilityGlobals) = postSolution
		SolutionGuid = {0E6689F1-9DAB-4FCF-B1BD-27E801FBBF31}
	EndGlobalSection
EndGlobal
